
Microsoft Visual Studio Solution File, Format Version 12.00
# Visual Studio 15
VisualStudioVersion = 15.0.28307.421
MinimumVisualStudioVersion = 10.0.40219.1
Project("{FAE04EC0-301F-11D3-BF4B-00C04F79EFBC}") = "ConsoleApp1", "ConsoleApp1\ConsoleApp1.csproj", "{E69261A7-C1B3-486E-82B5-9FC294057A5A}"
EndProject
Global
	GlobalSection(SolutionConfigurationPlatforms) = preSolution
		Debug|Any CPU = Debug|Any CPU
		Release|Any CPU = Release|Any CPU
	EndGlobalSection
	GlobalSection(ProjectConfigurationPlatforms) = postSolution
		{E69261A7-C1B3-486E-82B5-9FC294057A5A}.Debug|Any CPU.ActiveCfg = Debug|Any CPU
		{E69261A7-C1B3-486E-82B5-9FC294057A5A}.Debug|Any CPU.Build.0 = Debug|Any CPU
		{E69261A7-C1B3-486E-82B5-9FC294057A5A}.Release|Any CPU.ActiveCfg = Release|Any CPU
		{E69261A7-C1B3-486E-82B5-9FC294057A5A}.Release|Any CPU.Build.0 = Release|Any CPU
	EndGlobalSection
	GlobalSection(SolutionProperties) = preSolution
		HideSolutionNode = FALSE
	EndGlobalSection
	GlobalSection(ExtensibilityGlobals) = postSolution
		SolutionGuid = {C9AE1DC5-EC3C-4511-ACF3-6583B0171D37}
	EndGlobalSection
EndGlobal
